
Microsoft Visual Studio Solution File, Format Version 12.00
# Visual Studio Version 17
VisualStudioVersion = 17.11.35312.102
MinimumVisualStudioVersion = 10.0.40219.1
Project("{FAE04EC0-301F-11D3-BF4B-00C04F79EFBC}") = "enum1", "enum1\enum1.csproj", "{110984E6-AE03-4355-818F-59232C32479A}"
EndProject
Global
	GlobalSection(SolutionConfigurationPlatforms) = preSolution
		Debug|Any CPU = Debug|Any CPU
		Release|Any CPU = Release|Any CPU
	EndGlobalSection
	GlobalSection(ProjectConfigurationPlatforms) = postSolution
		{110984E6-AE03-4355-818F-59232C32479A}.Debug|Any CPU.ActiveCfg = Debug|Any CPU
		{110984E6-AE03-4355-818F-59232C32479A}.Debug|Any CPU.Build.0 = Debug|Any CPU
		{110984E6-AE03-4355-818F-59232C32479A}.Release|Any CPU.ActiveCfg = Release|Any CPU
		{110984E6-AE03-4355-818F-59232C32479A}.Release|Any CPU.Build.0 = Release|Any CPU
	EndGlobalSection
	GlobalSection(SolutionProperties) = preSolution
		HideSolutionNode = FALSE
	EndGlobalSection
	GlobalSection(ExtensibilityGlobals) = postSolution
		SolutionGuid = {41D3E5A7-7F7C-4556-9601-24AA9591182B}
	EndGlobalSection
EndGlobal
